
Microsoft Visual Studio Solution File, Format Version 11.00
# Visual Studio 2010
Project("{FAE04EC0-301F-11D3-BF4B-00C04F79EFBC}") = "CodeCamp.Core", "CodeCamp.Core\CodeCamp.Core.csproj", "{B76DD2C9-0780-462E-83EE-1310D2F8F30B}"
EndProject
Project("{FAE04EC0-301F-11D3-BF4B-00C04F79EFBC}") = "CodeCamp.Core.MonoTouch", "CodeCamp.Core.MonoTouch\CodeCamp.Core.MonoTouch.csproj", "{C38A563E-A3E4-461E-954C-875557FDDD83}"
EndProject
Project("{FAE04EC0-301F-11D3-BF4B-00C04F79EFBC}") = "CodeCamp.Core.MonoAndroid", "CodeCamp.Core.MonoAndroid\CodeCamp.Core.MonoAndroid.csproj", "{D8BE3E81-EC9A-40A3-BF00-821B5791AC34}"
EndProject
Project("{FAE04EC0-301F-11D3-BF4B-00C04F79EFBC}") = "NYCCodeCamp6", "NycCodeCamp.MonoTouchApp\NYCCodeCamp6.csproj", "{D78D167A-FBCA-465D-AC08-2E489B3BEF33}"
EndProject
Global
	GlobalSection(SolutionConfigurationPlatforms) = preSolution
		Debug|Any CPU = Debug|Any CPU
		Release|Any CPU = Release|Any CPU
		Debug|iPhoneSimulator = Debug|iPhoneSimulator
		Release|iPhoneSimulator = Release|iPhoneSimulator
		Debug|iPhone = Debug|iPhone
		Release|iPhone = Release|iPhone
		TestFlight|iPhone = TestFlight|iPhone
	EndGlobalSection
	GlobalSection(ProjectConfigurationPlatforms) = postSolution
		{B76DD2C9-0780-462E-83EE-1310D2F8F30B}.Debug|Any CPU.ActiveCfg = Debug|Any CPU
		{B76DD2C9-0780-462E-83EE-1310D2F8F30B}.Debug|Any CPU.Build.0 = Debug|Any CPU
		{B76DD2C9-0780-462E-83EE-1310D2F8F30B}.Release|Any CPU.ActiveCfg = Release|Any CPU
		{B76DD2C9-0780-462E-83EE-1310D2F8F30B}.Release|Any CPU.Build.0 = Release|Any CPU
		{B76DD2C9-0780-462E-83EE-1310D2F8F30B}.TestFlight|iPhone.ActiveCfg = TestFlight|iPhone
		{B76DD2C9-0780-462E-83EE-1310D2F8F30B}.TestFlight|iPhone.Build.0 = TestFlight|iPhone
		{C38A563E-A3E4-461E-954C-875557FDDD83}.Debug|Any CPU.ActiveCfg = Debug|Any CPU
		{C38A563E-A3E4-461E-954C-875557FDDD83}.Debug|Any CPU.Build.0 = Debug|Any CPU
		{C38A563E-A3E4-461E-954C-875557FDDD83}.Release|Any CPU.ActiveCfg = Release|Any CPU
		{C38A563E-A3E4-461E-954C-875557FDDD83}.Release|Any CPU.Build.0 = Release|Any CPU
		{C38A563E-A3E4-461E-954C-875557FDDD83}.TestFlight|iPhone.ActiveCfg = TestFlight|iPhone
		{C38A563E-A3E4-461E-954C-875557FDDD83}.TestFlight|iPhone.Build.0 = TestFlight|iPhone
		{D78D167A-FBCA-465D-AC08-2E489B3BEF33}.Debug|Any CPU.ActiveCfg = Debug|iPhoneSimulator
		{D78D167A-FBCA-465D-AC08-2E489B3BEF33}.Debug|Any CPU.Build.0 = Debug|iPhoneSimulator
		{D78D167A-FBCA-465D-AC08-2E489B3BEF33}.Debug|iPhone.ActiveCfg = Debug|iPhone
		{D78D167A-FBCA-465D-AC08-2E489B3BEF33}.Debug|iPhone.Build.0 = Debug|iPhone
		{D78D167A-FBCA-465D-AC08-2E489B3BEF33}.Debug|iPhoneSimulator.ActiveCfg = Debug|iPhoneSimulator
		{D78D167A-FBCA-465D-AC08-2E489B3BEF33}.Debug|iPhoneSimulator.Build.0 = Debug|iPhoneSimulator
		{D78D167A-FBCA-465D-AC08-2E489B3BEF33}.Release|Any CPU.ActiveCfg = Release|Any CPU
		{D78D167A-FBCA-465D-AC08-2E489B3BEF33}.Release|Any CPU.Build.0 = Release|Any CPU
		{D78D167A-FBCA-465D-AC08-2E489B3BEF33}.Release|iPhone.ActiveCfg = Release|iPhone
		{D78D167A-FBCA-465D-AC08-2E489B3BEF33}.Release|iPhone.Build.0 = Release|iPhone
		{D78D167A-FBCA-465D-AC08-2E489B3BEF33}.Release|iPhoneSimulator.ActiveCfg = Release|iPhoneSimulator
		{D78D167A-FBCA-465D-AC08-2E489B3BEF33}.Release|iPhoneSimulator.Build.0 = Release|iPhoneSimulator
		{D78D167A-FBCA-465D-AC08-2E489B3BEF33}.TestFlight|iPhone.ActiveCfg = TestFlight|iPhone
		{D78D167A-FBCA-465D-AC08-2E489B3BEF33}.TestFlight|iPhone.Build.0 = TestFlight|iPhone
		{D8BE3E81-EC9A-40A3-BF00-821B5791AC34}.Debug|Any CPU.ActiveCfg = Debug|Any CPU
		{D8BE3E81-EC9A-40A3-BF00-821B5791AC34}.Debug|Any CPU.Build.0 = Debug|Any CPU
		{D8BE3E81-EC9A-40A3-BF00-821B5791AC34}.Release|Any CPU.ActiveCfg = Release|Any CPU
		{D8BE3E81-EC9A-40A3-BF00-821B5791AC34}.Release|Any CPU.Build.0 = Release|Any CPU
		{D8BE3E81-EC9A-40A3-BF00-821B5791AC34}.TestFlight|iPhone.ActiveCfg = TestFlight|iPhone
		{D8BE3E81-EC9A-40A3-BF00-821B5791AC34}.TestFlight|iPhone.Build.0 = TestFlight|iPhone
	EndGlobalSection
	GlobalSection(MonoDevelopProperties) = preSolution
		StartupItem = NycCodeCamp.MonoTouchApp\NYCCodeCamp6.csproj
		Policies = $0
		$0.DotNetNamingPolicy = $1
		$1.DirectoryNamespaceAssociation = PrefixedHierarchical
		$1.ResourceNamePolicy = FileName
		$0.TextStylePolicy = $2
		$2.inheritsSet = null
		$2.scope = text/x-csharp
		$0.CSharpFormattingPolicy = $3
		$3.IndentSwitchBody = True
		$3.BeforeMethodDeclarationParentheses = False
		$3.BeforeConstructorDeclarationParentheses = False
		$3.BeforeDelegateDeclarationParentheses = False
		$3.inheritsSet = Mono
		$3.inheritsScope = text/x-csharp
		$3.scope = text/x-csharp
		$0.TextStylePolicy = $4
		$4.FileWidth = 120
		$4.TabWidth = 4
		$4.inheritsSet = Mono
		$4.inheritsScope = text/plain
		$4.scope = text/plain
		$0.VersionControlPolicy = $5
		$5.inheritsSet = Mono
	EndGlobalSection
	GlobalSection(SolutionProperties) = preSolution
		HideSolutionNode = FALSE
	EndGlobalSection
EndGlobal
