
Microsoft Visual Studio Solution File, Format Version 11.00
# Visual Studio 2010
Project("{FAE04EC0-301F-11D3-BF4B-00C04F79EFBC}") = "CodeCamp.Core", "CodeCamp.Core\CodeCamp.Core.csproj", "{B76DD2C9-0780-462E-83EE-1310D2F8F30B}"
EndProject
Global
	GlobalSection(SolutionConfigurationPlatforms) = preSolution
		Debug|Any CPU = Debug|Any CPU
		Release|Any CPU = Release|Any CPU
	EndGlobalSection
	GlobalSection(ProjectConfigurationPlatforms) = postSolution
		{B76DD2C9-0780-462E-83EE-1310D2F8F30B}.Debug|Any CPU.ActiveCfg = Debug|Any CPU
		{B76DD2C9-0780-462E-83EE-1310D2F8F30B}.Debug|Any CPU.Build.0 = Debug|Any CPU
		{B76DD2C9-0780-462E-83EE-1310D2F8F30B}.Release|Any CPU.ActiveCfg = Release|Any CPU
		{B76DD2C9-0780-462E-83EE-1310D2F8F30B}.Release|Any CPU.Build.0 = Release|Any CPU
	EndGlobalSection
	GlobalSection(SolutionProperties) = preSolution
		HideSolutionNode = FALSE
	EndGlobalSection
EndGlobal
