
Microsoft Visual Studio Solution File, Format Version 11.00
# Visual Studio 2010
Project("{FAE04EC0-301F-11D3-BF4B-00C04F79EFBC}") = "CodeCamp.Core", "CodeCamp.Core\CodeCamp.Core.csproj", "{B76DD2C9-0780-462E-83EE-1310D2F8F30B}"
EndProject
Project("{FAE04EC0-301F-11D3-BF4B-00C04F79EFBC}") = "CodeCamp.Core.MonoAndroid", "CodeCamp.Core.MonoAndroid\CodeCamp.Core.MonoAndroid.csproj", "{D8BE3E81-EC9A-40A3-BF00-821B5791AC34}"
EndProject
Project("{FAE04EC0-301F-11D3-BF4B-00C04F79EFBC}") = "CodeCamp.Core.WP7", "CodeCamp.Core.WP7\CodeCamp.Core.WP7.csproj", "{2C07F797-E267-4F1C-BE0D-1EAF9575B7E3}"
EndProject
Project("{FAE04EC0-301F-11D3-BF4B-00C04F79EFBC}") = "NycCodeCamp.WP7App", "NycCodeCamp.WP7App\NycCodeCamp.WP7App.csproj", "{D4D32B56-3DD5-4251-8FC6-AF1453C083B3}"
EndProject
Global
	GlobalSection(SolutionConfigurationPlatforms) = preSolution
		Debug|Any CPU = Debug|Any CPU
		Debug|iPhone = Debug|iPhone
		Debug|iPhoneSimulator = Debug|iPhoneSimulator
		Release|Any CPU = Release|Any CPU
		Release|iPhone = Release|iPhone
		Release|iPhoneSimulator = Release|iPhoneSimulator
	EndGlobalSection
	GlobalSection(ProjectConfigurationPlatforms) = postSolution
		{B76DD2C9-0780-462E-83EE-1310D2F8F30B}.Debug|Any CPU.ActiveCfg = Debug|Any CPU
		{B76DD2C9-0780-462E-83EE-1310D2F8F30B}.Debug|Any CPU.Build.0 = Debug|Any CPU
		{B76DD2C9-0780-462E-83EE-1310D2F8F30B}.Debug|iPhone.ActiveCfg = Debug|Any CPU
		{B76DD2C9-0780-462E-83EE-1310D2F8F30B}.Debug|iPhoneSimulator.ActiveCfg = Debug|Any CPU
		{B76DD2C9-0780-462E-83EE-1310D2F8F30B}.Release|Any CPU.ActiveCfg = Release|Any CPU
		{B76DD2C9-0780-462E-83EE-1310D2F8F30B}.Release|Any CPU.Build.0 = Release|Any CPU
		{B76DD2C9-0780-462E-83EE-1310D2F8F30B}.Release|iPhone.ActiveCfg = Release|Any CPU
		{B76DD2C9-0780-462E-83EE-1310D2F8F30B}.Release|iPhoneSimulator.ActiveCfg = Release|Any CPU
		{D8BE3E81-EC9A-40A3-BF00-821B5791AC34}.Debug|Any CPU.ActiveCfg = Debug|Any CPU
		{D8BE3E81-EC9A-40A3-BF00-821B5791AC34}.Debug|Any CPU.Build.0 = Debug|Any CPU
		{D8BE3E81-EC9A-40A3-BF00-821B5791AC34}.Debug|iPhone.ActiveCfg = Debug|Any CPU
		{D8BE3E81-EC9A-40A3-BF00-821B5791AC34}.Debug|iPhoneSimulator.ActiveCfg = Debug|Any CPU
		{D8BE3E81-EC9A-40A3-BF00-821B5791AC34}.Release|Any CPU.ActiveCfg = Release|Any CPU
		{D8BE3E81-EC9A-40A3-BF00-821B5791AC34}.Release|Any CPU.Build.0 = Release|Any CPU
		{D8BE3E81-EC9A-40A3-BF00-821B5791AC34}.Release|iPhone.ActiveCfg = Release|Any CPU
		{D8BE3E81-EC9A-40A3-BF00-821B5791AC34}.Release|iPhoneSimulator.ActiveCfg = Release|Any CPU
		{2C07F797-E267-4F1C-BE0D-1EAF9575B7E3}.Debug|Any CPU.ActiveCfg = Debug|Any CPU
		{2C07F797-E267-4F1C-BE0D-1EAF9575B7E3}.Debug|Any CPU.Build.0 = Debug|Any CPU
		{2C07F797-E267-4F1C-BE0D-1EAF9575B7E3}.Debug|iPhone.ActiveCfg = Debug|Any CPU
		{2C07F797-E267-4F1C-BE0D-1EAF9575B7E3}.Debug|iPhoneSimulator.ActiveCfg = Debug|Any CPU
		{2C07F797-E267-4F1C-BE0D-1EAF9575B7E3}.Release|Any CPU.ActiveCfg = Release|Any CPU
		{2C07F797-E267-4F1C-BE0D-1EAF9575B7E3}.Release|Any CPU.Build.0 = Release|Any CPU
		{2C07F797-E267-4F1C-BE0D-1EAF9575B7E3}.Release|iPhone.ActiveCfg = Release|Any CPU
		{2C07F797-E267-4F1C-BE0D-1EAF9575B7E3}.Release|iPhoneSimulator.ActiveCfg = Release|Any CPU
		{D4D32B56-3DD5-4251-8FC6-AF1453C083B3}.Debug|Any CPU.ActiveCfg = Debug|Any CPU
		{D4D32B56-3DD5-4251-8FC6-AF1453C083B3}.Debug|Any CPU.Build.0 = Debug|Any CPU
		{D4D32B56-3DD5-4251-8FC6-AF1453C083B3}.Debug|Any CPU.Deploy.0 = Debug|Any CPU
		{D4D32B56-3DD5-4251-8FC6-AF1453C083B3}.Debug|iPhone.ActiveCfg = Debug|Any CPU
		{D4D32B56-3DD5-4251-8FC6-AF1453C083B3}.Debug|iPhoneSimulator.ActiveCfg = Debug|Any CPU
		{D4D32B56-3DD5-4251-8FC6-AF1453C083B3}.Release|Any CPU.ActiveCfg = Release|Any CPU
		{D4D32B56-3DD5-4251-8FC6-AF1453C083B3}.Release|Any CPU.Build.0 = Release|Any CPU
		{D4D32B56-3DD5-4251-8FC6-AF1453C083B3}.Release|Any CPU.Deploy.0 = Release|Any CPU
		{D4D32B56-3DD5-4251-8FC6-AF1453C083B3}.Release|iPhone.ActiveCfg = Release|Any CPU
		{D4D32B56-3DD5-4251-8FC6-AF1453C083B3}.Release|iPhoneSimulator.ActiveCfg = Release|Any CPU
	EndGlobalSection
	GlobalSection(SolutionProperties) = preSolution
		HideSolutionNode = FALSE
	EndGlobalSection
	GlobalSection(MonoDevelopProperties) = preSolution
		StartupItem = NycCodeCamp.MonoTouchApp\NycCodeCamp.MonoTouchApp.csproj
	EndGlobalSection
EndGlobal
